
Microsoft Visual Studio Solution File, Format Version 12.00
# Visual Studio Version 17
VisualStudioVersion = 17.8.34511.84
MinimumVisualStudioVersion = 10.0.40219.1
Project("{FAE04EC0-301F-11D3-BF4B-00C04F79EFBC}") = "LC0129", "LC0129\LC0129.csproj", "{0A4EE645-61B9-4FC4-BD5A-D6C3D4C45D41}"
EndProject
Global
	GlobalSection(SolutionConfigurationPlatforms) = preSolution
		Debug|Any CPU = Debug|Any CPU
		Release|Any CPU = Release|Any CPU
	EndGlobalSection
	GlobalSection(ProjectConfigurationPlatforms) = postSolution
		{0A4EE645-61B9-4FC4-BD5A-D6C3D4C45D41}.Debug|Any CPU.ActiveCfg = Debug|Any CPU
		{0A4EE645-61B9-4FC4-BD5A-D6C3D4C45D41}.Debug|Any CPU.Build.0 = Debug|Any CPU
		{0A4EE645-61B9-4FC4-BD5A-D6C3D4C45D41}.Release|Any CPU.ActiveCfg = Release|Any CPU
		{0A4EE645-61B9-4FC4-BD5A-D6C3D4C45D41}.Release|Any CPU.Build.0 = Release|Any CPU
	EndGlobalSection
	GlobalSection(SolutionProperties) = preSolution
		HideSolutionNode = FALSE
	EndGlobalSection
	GlobalSection(ExtensibilityGlobals) = postSolution
		SolutionGuid = {2D39CCE6-F89A-47A6-A561-077454DBFBC3}
	EndGlobalSection
EndGlobal
